
Microsoft Visual Studio Solution File, Format Version 12.00
# Visual Studio Version 16
VisualStudioVersion = 16.0.29209.62
MinimumVisualStudioVersion = 10.0.40219.1
Project("{FAE04EC0-301F-11D3-BF4B-00C04F79EFBC}") = "RestApiClient.Android", "RestApiClient\RestApiClient.Android\RestApiClient.Android.csproj", "{F82E420D-EE91-417C-BFEA-199975E6DD7E}"
EndProject
Project("{FAE04EC0-301F-11D3-BF4B-00C04F79EFBC}") = "RestApiClient", "RestApiClient\RestApiClient\RestApiClient.csproj", "{2C61E6B4-42C3-4D32-8614-92E858EABA0E}"
EndProject
Global
	GlobalSection(SolutionConfigurationPlatforms) = preSolution
		Debug|Any CPU = Debug|Any CPU
		Release|Any CPU = Release|Any CPU
	EndGlobalSection
	GlobalSection(ProjectConfigurationPlatforms) = postSolution
		{F82E420D-EE91-417C-BFEA-199975E6DD7E}.Debug|Any CPU.ActiveCfg = Debug|Any CPU
		{F82E420D-EE91-417C-BFEA-199975E6DD7E}.Debug|Any CPU.Build.0 = Debug|Any CPU
		{F82E420D-EE91-417C-BFEA-199975E6DD7E}.Debug|Any CPU.Deploy.0 = Debug|Any CPU
		{F82E420D-EE91-417C-BFEA-199975E6DD7E}.Release|Any CPU.ActiveCfg = Release|Any CPU
		{F82E420D-EE91-417C-BFEA-199975E6DD7E}.Release|Any CPU.Build.0 = Release|Any CPU
		{F82E420D-EE91-417C-BFEA-199975E6DD7E}.Release|Any CPU.Deploy.0 = Release|Any CPU
		{2C61E6B4-42C3-4D32-8614-92E858EABA0E}.Debug|Any CPU.ActiveCfg = Debug|Any CPU
		{2C61E6B4-42C3-4D32-8614-92E858EABA0E}.Debug|Any CPU.Build.0 = Debug|Any CPU
		{2C61E6B4-42C3-4D32-8614-92E858EABA0E}.Debug|Any CPU.Deploy.0 = Debug|Any CPU
		{2C61E6B4-42C3-4D32-8614-92E858EABA0E}.Release|Any CPU.ActiveCfg = Release|Any CPU
		{2C61E6B4-42C3-4D32-8614-92E858EABA0E}.Release|Any CPU.Build.0 = Release|Any CPU
		{2C61E6B4-42C3-4D32-8614-92E858EABA0E}.Release|Any CPU.Deploy.0 = Release|Any CPU
	EndGlobalSection
	GlobalSection(SolutionProperties) = preSolution
		HideSolutionNode = FALSE
	EndGlobalSection
	GlobalSection(ExtensibilityGlobals) = postSolution
		SolutionGuid = {D7BDD544-BC39-49FD-8FA9-A0BD8FB2BA3A}
	EndGlobalSection
EndGlobal
